// !$*UTF8*$!
{
	archiveVersion = 1;
	classes = {
	};
	objectVersion = 46;
	objects = {

/* Begin PBXBuildFile section */
		48BBC9861C3E55090049E368 /* main.m in Sources */ = {isa = PBXBuildFile; fileRef = 48BBC9851C3E55090049E368 /* main.m */; };
		48BBC9891C3E55090049E368 /* AppDelegate.m in Sources */ = {isa = PBXBuildFile; fileRef = 48BBC9881C3E55090049E368 /* AppDelegate.m */; };
		48BBC98C1C3E55090049E368 /* ViewController.m in Sources */ = {isa = PBXBuildFile; fileRef = 48BBC98B1C3E55090049E368 /* ViewController.m */; };
		48BBC98F1C3E55090049E368 /* Main.storyboard in Resources */ = {isa = PBXBuildFile; fileRef = 48BBC98D1C3E55090049E368 /* Main.storyboard */; };
		48BBC9911C3E55090049E368 /* Assets.xcassets in Resources */ = {isa = PBXBuildFile; fileRef = 48BBC9901C3E55090049E368 /* Assets.xcassets */; };
		48BBC9941C3E55090049E368 /* LaunchScreen.storyboard in Resources */ = {isa = PBXBuildFile; fileRef = 48BBC9921C3E55090049E368 /* LaunchScreen.storyboard */; };
		48BBC99D1C3E55150049E368 /* HZWobbleView.m in Sources */ = {isa = PBXBuildFile; fileRef = 48BBC99C1C3E55150049E368 /* HZWobbleView.m */; };
/* End PBXBuildFile section */

/* Begin PBXFileReference section */
		48BBC9811C3E55090049E368 /* Example.app */ = {isa = PBXFileReference; explicitFileType = wrapper.application; includeInIndex = 0; path = Example.app; sourceTree = BUILT_PRODUCTS_DIR; };
		48BBC9851C3E55090049E368 /* main.m */ = {isa = PBXFileReference; lastKnownFileType = sourcecode.c.objc; path = main.m; sourceTree = "<group>"; };
		48BBC9871C3E55090049E368 /* AppDelegate.h */ = {isa = PBXFileReference; lastKnownFileType = sourcecode.c.h; path = AppDelegate.h; sourceTree = "<group>"; };
		48BBC9881C3E55090049E368 /* AppDelegate.m */ = {isa = PBXFileReference; lastKnownFileType = sourcecode.c.objc; path = AppDelegate.m; sourceTree = "<group>"; };
		48BBC98A1C3E55090049E368 /* ViewController.h */ = {isa = PBXFileReference; lastKnownFileType = sourcecode.c.h; path = ViewController.h; sourceTree = "<group>"; };
		48BBC98B1C3E55090049E368 /* ViewController.m */ = {isa = PBXFileReference; lastKnownFileType = sourcecode.c.objc; path = ViewController.m; sourceTree = "<group>"; };
		48BBC98E1C3E55090049E368 /* Base */ = {isa = PBXFileReference; lastKnownFileType = file.storyboard; name = Base; path = Base.lproj/Main.storyboard; sourceTree = "<group>"; };
		48BBC9901C3E55090049E368 /* Assets.xcassets */ = {isa = PBXFileReference; lastKnownFileType = folder.assetcatalog; path = Assets.xcassets; sourceTree = "<group>"; };
		48BBC9931C3E55090049E368 /* Base */ = {isa = PBXFileReference; lastKnownFileType = file.storyboard; name = Base; path = Base.lproj/LaunchScreen.storyboard; sourceTree = "<group>"; };
		48BBC9951C3E55090049E368 /* Info.plist */ = {isa = PBXFileReference; lastKnownFileType = text.plist.xml; path = Info.plist; sourceTree = "<group>"; };
		48BBC99B1C3E55150049E368 /* HZWobbleView.h */ = {isa = PBXFileReference; fileEncoding = 4; lastKnownFileType = sourcecode.c.h; name = HZWobbleView.h; path = ../../Classes/HZWobbleView.h; sourceTree = "<group>"; };
		48BBC99C1C3E55150049E368 /* HZWobbleView.m */ = {isa = PBXFileReference; fileEncoding = 4; lastKnownFileType = sourcecode.c.objc; name = HZWobbleView.m; path = ../../Classes/HZWobbleView.m; sourceTree = "<group>"; };
/* End PBXFileReference section */

/* Begin PBXFrameworksBuildPhase section */
		48BBC97E1C3E55090049E368 /* Frameworks */ = {
			isa = PBXFrameworksBuildPhase;
			buildActionMask = 2147483647;
			files = (
			);
			runOnlyForDeploymentPostprocessing = 0;
		};
/* End PBXFrameworksBuildPhase section */

/* Begin PBXGroup section */
		48BBC9781C3E55090049E368 = {
			isa = PBXGroup;
			children = (
				48BBC9831C3E55090049E368 /* Example */,
				48BBC9821C3E55090049E368 /* Products */,
			);
			sourceTree = "<group>";
		};
		48BBC9821C3E55090049E368 /* Products */ = {
			isa = PBXGroup;
			children = (
				48BBC9811C3E55090049E368 /* Example.app */,
			);
			name = Products;
			sourceTree = "<group>";
		};
		48BBC9831C3E55090049E368 /* Example */ = {
			isa = PBXGroup;
			children = (
				48BBC99B1C3E55150049E368 /* HZWobbleView.h */,
				48BBC99C1C3E55150049E368 /* HZWobbleView.m */,
				48BBC9871C3E55090049E368 /* AppDelegate.h */,
				48BBC9881C3E55090049E368 /* AppDelegate.m */,
				48BBC98A1C3E55090049E368 /* ViewController.h */,
				48BBC98B1C3E55090049E368 /* ViewController.m */,
				48BBC98D1C3E55090049E368 /* Main.storyboard */,
				48BBC9901C3E55090049E368 /* Assets.xcassets */,
				48BBC9921C3E55090049E368 /* LaunchScreen.storyboard */,
				48BBC9951C3E55090049E368 /* Info.plist */,
				48BBC9841C3E55090049E368 /* Supporting Files */,
			);
			path = Example;
			sourceTree = "<group>";
		};
		48BBC9841C3E55090049E368 /* Supporting Files */ = {
			isa = PBXGroup;
			children = (
				48BBC9851C3E55090049E368 /* main.m */,
			);
			name = "Supporting Files";
			sourceTree = "<group>";
		};
/* End PBXGroup section */

/* Begin PBXNativeTarget section */
		48BBC9801C3E55090049E368 /* Example */ = {
			isa = PBXNativeTarget;
			buildConfigurationList = 48BBC9981C3E55090049E368 /* Build configuration list for PBXNativeTarget "Example" */;
			buildPhases = (
				48BBC97D1C3E55090049E368 /* Sources */,
				48BBC97E1C3E55090049E368 /* Frameworks */,
				48BBC97F1C3E55090049E368 /* Resources */,
			);
			buildRules = (
			);
			dependencies = (
			);
			name = Example;
			productName = Example;
			productReference = 48BBC9811C3E55090049E368 /* Example.app */;
			productType = "com.apple.product-type.application";
		};
/* End PBXNativeTarget section */

/* Begin PBXProject section */
		48BBC9791C3E55090049E368 /* Project object */ = {
			isa = PBXProject;
			attributes = {
				LastUpgradeCheck = 0720;
				ORGANIZATIONNAME = Horizon;
				TargetAttributes = {
					48BBC9801C3E55090049E368 = {
						CreatedOnToolsVersion = 7.2;
						DevelopmentTeam = TFV9FQVHRE;
					};
				};
			};
			buildConfigurationList = 48BBC97C1C3E55090049E368 /* Build configuration list for PBXProject "Example" */;
			compatibilityVersion = "Xcode 3.2";
			developmentRegion = English;
			hasScannedForEncodings = 0;
			knownRegions = (
				en,
				Base,
			);
			mainGroup = 48BBC9781C3E55090049E368;
			productRefGroup = 48BBC9821C3E55090049E368 /* Products */;
			projectDirPath = "";
			projectRoot = "";
			targets = (
				48BBC9801C3E55090049E368 /* Example */,
			);
		};
/* End PBXProject section */

/* Begin PBXResourcesBuildPhase section */
		48BBC97F1C3E55090049E368 /* Resources */ = {
			isa = PBXResourcesBuildPhase;
			buildActionMask = 2147483647;
			files = (
				48BBC9941C3E55090049E368 /* LaunchScreen.storyboard in Resources */,
				48BBC9911C3E55090049E368 /* Assets.xcassets in Resources */,
				48BBC98F1C3E55090049E368 /* Main.storyboard in Resources */,
			);
			runOnlyForDeploymentPostprocessing = 0;
		};
/* End PBXResourcesBuildPhase section */

/* Begin PBXSourcesBuildPhase section */
		48BBC97D1C3E55090049E368 /* Sources */ = {
			isa = PBXSourcesBuildPhase;
			buildActionMask = 2147483647;
			files = (
				48BBC98C1C3E55090049E368 /* ViewController.m in Sources */,
				48BBC99D1C3E55150049E368 /* HZWobbleView.m in Sources */,
				48BBC9891C3E55090049E368 /* AppDelegate.m in Sources */,
				48BBC9861C3E55090049E368 /* main.m in Sources */,
			);
			runOnlyForDeploymentPostprocessing = 0;
		};
/* End PBXSourcesBuildPhase section */

/* Begin PBXVariantGroup section */
		48BBC98D1C3E55090049E368 /* Main.storyboard */ = {
			isa = PBXVariantGroup;
			children = (
				48BBC98E1C3E55090049E368 /* Base */,
			);
			name = Main.storyboard;
			sourceTree = "<group>";
		};
		48BBC9921C3E55090049E368 /* LaunchScreen.storyboard */ = {
			isa = PBXVariantGroup;
			children = (
				48BBC9931C3E55090049E368 /* Base */,
			);
			name = LaunchScreen.storyboard;
			sourceTree = "<group>";
		};
/* End PBXVariantGroup section */

/* Begin XCBuildConfiguration section */
		48BBC9961C3E55090049E368 /* Debug */ = {
			isa = XCBuildConfiguration;
			buildSettings = {
				ALWAYS_SEARCH_USER_PATHS = NO;
				CLANG_CXX_LANGUAGE_STANDARD = "gnu++0x";
				CLANG_CXX_LIBRARY = "libc++";
				CLANG_ENABLE_MODULES = YES;
				CLANG_ENABLE_OBJC_ARC = YES;
				CLANG_WARN_BOOL_CONVERSION = YES;
				CLANG_WARN_CONSTANT_CONVERSION = YES;
				CLANG_WARN_DIRECT_OBJC_ISA_USAGE = YES_ERROR;
				CLANG_WARN_EMPTY_BODY = YES;
				CLANG_WARN_ENUM_CONVERSION = YES;
				CLANG_WARN_INT_CONVERSION = YES;
				CLANG_WARN_OBJC_ROOT_CLASS = YES_ERROR;
				CLANG_WARN_UNREACHABLE_CODE = YES;
				CLANG_WARN__DUPLICATE_METHOD_MATCH = YES;
				"CODE_SIGN_IDENTITY[sdk=iphoneos*]" = "iPhone Developer";
				COPY_PHASE_STRIP = NO;
				DEBUG_INFORMATION_FORMAT = dwarf;
				ENABLE_STRICT_OBJC_MSGSEND = YES;
				ENABLE_TESTABILITY = YES;
				GCC_C_LANGUAGE_STANDARD = gnu99;
				GCC_DYNAMIC_NO_PIC = NO;
				GCC_NO_COMMON_BLOCKS = YES;
				GCC_OPTIMIZATION_LEVEL = 0;
				GCC_PREPROCESSOR_DEFINITIONS = (
					"DEBUG=1",
					"$(inherited)",
				);
				GCC_WARN_64_TO_32_BIT_CONVERSION = YES;
				GCC_WARN_ABOUT_RETURN_TYPE = YES_ERROR;
				GCC_WARN_UNDECLARED_SELECTOR = YES;
				GCC_WARN_UNINITIALIZED_AUTOS = YES_AGGRESSIVE;
				GCC_WARN_UNUSED_FUNCTION = YES;
				GCC_WARN_UNUSED_VARIABLE = YES;
				IPHONEOS_DEPLOYMENT_TARGET = 9.2;
				MTL_ENABLE_DEBUG_INFO = YES;
				ONLY_ACTIVE_ARCH = YES;
				SDKROOT = iphoneos;
				TARGETED_DEVICE_FAMILY = "1,2";
			};
			name = Debug;
		};
		48BBC9971C3E55090049E368 /* Release */ = {
			isa = XCBuildConfiguration;
			buildSettings = {
				ALWAYS_SEARCH_USER_PATHS = NO;
				CLANG_CXX_LANGUAGE_STANDARD = "gnu++0x";
				CLANG_CXX_LIBRARY = "libc++";
				CLANG_ENABLE_MODULES = YES;
				CLANG_ENABLE_OBJC_ARC = YES;
				CLANG_WARN_BOOL_CONVERSION = YES;
				CLANG_WARN_CONSTANT_CONVERSION = YES;
				CLANG_WARN_DIRECT_OBJC_ISA_USAGE = YES_ERROR;
				CLANG_WARN_EMPTY_BODY = YES;
				CLANG_WARN_ENUM_CONVERSION = YES;
				CLANG_WARN_INT_CONVERSION = YES;
				CLANG_WARN_OBJC_ROOT_CLASS = YES_ERROR;
				CLANG_WARN_UNREACHABLE_CODE = YES;
				CLANG_WARN__DUPLICATE_METHOD_MATCH = YES;
				"CODE_SIGN_IDENTITY[sdk=iphoneos*]" = "iPhone Developer";
				COPY_PHASE_STRIP = NO;
				DEBUG_INFORMATION_FORMAT = "dwarf-with-dsym";
				ENABLE_NS_ASSERTIONS = NO;
				ENABLE_STRICT_OBJC_MSGSEND = YES;
				GCC_C_LANGUAGE_STANDARD = gnu99;
				GCC_NO_COMMON_BLOCKS = YES;
				GCC_WARN_64_TO_32_BIT_CONVERSION = YES;
				GCC_WARN_ABOUT_RETURN_TYPE = YES_ERROR;
				GCC_WARN_UNDECLARED_SELECTOR = YES;
				GCC_WARN_UNINITIALIZED_AUTOS = YES_AGGRESSIVE;
				GCC_WARN_UNUSED_FUNCTION = YES;
				GCC_WARN_UNUSED_VARIABLE = YES;
				IPHONEOS_DEPLOYMENT_TARGET = 9.2;
				MTL_ENABLE_DEBUG_INFO = NO;
				SDKROOT = iphoneos;
				TARGETED_DEVICE_FAMILY = "1,2";
				VALIDATE_PRODUCT = YES;
			};
			name = Release;
		};
		48BBC9991C3E55090049E368 /* Debug */ = {
			isa = XCBuildConfiguration;
			buildSettings = {
				ASSETCATALOG_COMPILER_APPICON_NAME = AppIcon;
				INFOPLIST_FILE = Example/Info.plist;
				LD_RUNPATH_SEARCH_PATHS = "$(inherited) @executable_path/Frameworks";
				PRODUCT_BUNDLE_IDENTIFIER = com.horizon.Example;
				PRODUCT_NAME = "$(TARGET_NAME)";
			};
			name = Debug;
		};
		48BBC99A1C3E55090049E368 /* Release */ = {
			isa = XCBuildConfiguration;
			buildSettings = {
				ASSETCATALOG_COMPILER_APPICON_NAME = AppIcon;
				INFOPLIST_FILE = Example/Info.plist;
				LD_RUNPATH_SEARCH_PATHS = "$(inherited) @executable_path/Frameworks";
				PRODUCT_BUNDLE_IDENTIFIER = com.horizon.Example;
				PRODUCT_NAME = "$(TARGET_NAME)";
			};
			name = Release;
		};
/* End XCBuildConfiguration section */

/* Begin XCConfigurationList section */
		48BBC97C1C3E55090049E368 /* Build configuration list for PBXProject "Example" */ = {
			isa = XCConfigurationList;
			buildConfigurations = (
				48BBC9961C3E55090049E368 /* Debug */,
				48BBC9971C3E55090049E368 /* Release */,
			);
			defaultConfigurationIsVisible = 0;
			defaultConfigurationName = Release;
		};
		48BBC9981C3E55090049E368 /* Build configuration list for PBXNativeTarget "Example" */ = {
			isa = XCConfigurationList;
			buildConfigurations = (
				48BBC9991C3E55090049E368 /* Debug */,
				48BBC99A1C3E55090049E368 /* Release */,
			);
			defaultConfigurationIsVisible = 0;
		};
/* End XCConfigurationList section */
	};
	rootObject = 48BBC9791C3E55090049E368 /* Project object */;
}
